
Microsoft Visual Studio Solution File, Format Version 12.00
# Visual Studio Version 16
VisualStudioVersion = 25.0.1704.2
MinimumVisualStudioVersion = 10.0.40219.1
Project("{FAE04EC0-301F-11D3-BF4B-00C04F79EFBC}") = "Bank_API", "Bank_API\Bank_API.csproj", "{135B11A6-B62B-4734-92E1-4B5AB91D9043}"
EndProject
Global
	GlobalSection(SolutionConfigurationPlatforms) = preSolution
		Debug|Any CPU = Debug|Any CPU
		Release|Any CPU = Release|Any CPU
	EndGlobalSection
	GlobalSection(ProjectConfigurationPlatforms) = postSolution
		{135B11A6-B62B-4734-92E1-4B5AB91D9043}.Debug|Any CPU.ActiveCfg = Debug|Any CPU
		{135B11A6-B62B-4734-92E1-4B5AB91D9043}.Debug|Any CPU.Build.0 = Debug|Any CPU
		{135B11A6-B62B-4734-92E1-4B5AB91D9043}.Release|Any CPU.ActiveCfg = Release|Any CPU
		{135B11A6-B62B-4734-92E1-4B5AB91D9043}.Release|Any CPU.Build.0 = Release|Any CPU
	EndGlobalSection
	GlobalSection(SolutionProperties) = preSolution
		HideSolutionNode = FALSE
	EndGlobalSection
	GlobalSection(ExtensibilityGlobals) = postSolution
		SolutionGuid = {9D4F81DF-0CEE-449D-95D3-47DC409E71F3}
	EndGlobalSection
EndGlobal
